# Generated by move; do not edit
# This file should be checked in.

[move]
version = 4

[pinned.localnet.MoveStdlib]
source = { git = "https://github.com/MystenLabs/sui.git", subdir = "crates/sui-framework/packages/move-stdlib", rev = "d4a0c80be6020093592b305853832e7b80c5e2f2" }
use_environment = "localnet"
manifest_digest = "C4FE4C91DE74CBF223B2E380AE40F592177D21870DC2D7EB6227D2D694E05363"
deps = {}

[pinned.localnet.Sui]
source = { git = "https://github.com/MystenLabs/sui.git", subdir = "crates/sui-framework/packages/sui-framework", rev = "d4a0c80be6020093592b305853832e7b80c5e2f2" }
use_environment = "localnet"
manifest_digest = "CC15CB146CA1113370B03476BFF694B88F43F77D8DEE7C23CC0C78AB0634420D"
deps = { MoveStdlib = "MoveStdlib" }

[pinned.localnet.ibt]
source = { root = true }
use_environment = "localnet"
manifest_digest = "21F52FFD46ADC4D15416DA9CD57DA47B08333FF9BF098E6C22D2529AD8F11C99"
deps = { Sui = "Sui" }
